
Microsoft Visual Studio Solution File, Format Version 12.00
# Visual Studio Version 17
VisualStudioVersion = 17.4.33213.308
MinimumVisualStudioVersion = 10.0.40219.1
Project("{FAE04EC0-301F-11D3-BF4B-00C04F79EFBC}") = "Swap-Number", "Swap-Number.csproj", "{F47C6963-3BD6-42A9-9E35-C87E2C60D232}"
EndProject
Global
	GlobalSection(SolutionConfigurationPlatforms) = preSolution
		Debug|Any CPU = Debug|Any CPU
		Release|Any CPU = Release|Any CPU
	EndGlobalSection
	GlobalSection(ProjectConfigurationPlatforms) = postSolution
		{F47C6963-3BD6-42A9-9E35-C87E2C60D232}.Debug|Any CPU.ActiveCfg = Debug|Any CPU
		{F47C6963-3BD6-42A9-9E35-C87E2C60D232}.Debug|Any CPU.Build.0 = Debug|Any CPU
		{F47C6963-3BD6-42A9-9E35-C87E2C60D232}.Release|Any CPU.ActiveCfg = Release|Any CPU
		{F47C6963-3BD6-42A9-9E35-C87E2C60D232}.Release|Any CPU.Build.0 = Release|Any CPU
	EndGlobalSection
	GlobalSection(SolutionProperties) = preSolution
		HideSolutionNode = FALSE
	EndGlobalSection
	GlobalSection(ExtensibilityGlobals) = postSolution
		SolutionGuid = {0E0A977D-FC04-4887-8821-892B6DE27B4A}
	EndGlobalSection
EndGlobal
